# This file is autogenerated, do not edit; changes may be undone by the next 'dep ensure'.


[[projects]]
  digest = "1:de3be5ae7441a5bc8cb2845a4fc2c0e4fa5a3fe917715b8df49660ff704e9380"
  name = "github.com/andybalholm/brotli"
  packages = ["."]
  pruneopts = "UT"
  revision = "b60f0d972eeb79a5fba5fb60f1e0568bc8c97e42"
  version = "v1.0.0"

[[projects]]
  digest = "1:6d29f02f0f01c627c2be40fb7347669a9ff2aa215cb97747294c1d13ffa74bdd"
  name = "github.com/gorilla/websocket"
  packages = ["."]
  pruneopts = "UT"
  revision = "b65e62901fc1c0d968042419e74789f6af455eb9"
  version = "v1.4.2"

[[projects]]
  digest = "1:6dbdb48005dbf5814c8a9ccf12fc25a4f1c2c19d6261815c5b16558fe489afe8"
  name = "github.com/klauspost/compress"
  packages = [
    "flate",
    "gzip",
    "zlib",
  ]
  pruneopts = "UT"
  revision = "f54780da70be5dede240d84a5f8db8c249b63261"
  version = "v1.10.6"

[[projects]]
  branch = "master"
  digest = "1:618162a6fd7ef94485d136d1bdd062c49eed478144967eb050c9e3dbe9e4f26b"
  name = "github.com/orcaman/concurrent-map"
  packages = ["."]
  pruneopts = "UT"
  revision = "8c72a8bb44f6cfcff2abae8ebcbaaaf883331363"

[[projects]]
  digest = "1:9e1d37b58d17113ec3cb5608ac0382313c5b59470b94ed97d0976e69c7022314"
  name = "github.com/pkg/errors"
  packages = ["."]
  pruneopts = "UT"
  revision = "614d223910a179a466c1767a985424175c39b465"
  version = "v0.9.1"

[[projects]]
  digest = "1:1b69a356a0e594ddd54d2e7a75c3016a4d6a36c872f0dc8543f3901bb07b5c82"
  name = "github.com/slack-go/slack"
  packages = [
    ".",
    "internal/errorsx",
    "internal/timex",
    "slackutilsx",
  ]
  pruneopts = "UT"
  revision = "9d8728cd25ff74f4b98d18d994d1f8370f5608e4"
  version = "v0.6.4"

[[projects]]
  digest = "1:c468422f334a6b46a19448ad59aaffdfc0a36b08fdcc1c749a0b29b6453d7e59"
  name = "github.com/valyala/bytebufferpool"
  packages = ["."]
  pruneopts = "UT"
  revision = "e746df99fe4a3986f4d4f79e13c1e0117ce9c2f7"
  version = "v1.0.0"

[[projects]]
  branch = "master"
  digest = "1:bf365eba31a3b2cb35c3297d2bdef4f0edf6a99d5373eb1a22db8027b38a9878"
  name = "github.com/valyala/fasthttp"
  packages = [
    ".",
    "fasthttputil",
    "stackless",
  ]
  pruneopts = "UT"
  revision = "24410e58c0f42eeff818f08c50acac9895454816"

[[projects]]
  digest = "1:32a77b96625cc26ead6f49fc3de2e08463bd908c39aae353a03e95f0f0f22833"
  name = "pkg.re/essentialkaos/ek.v12"
  packages = [
    "env",
    "fmtc",
    "fsutil",
    "jsonutil",
    "knf",
    "knf/validators",
    "knf/validators/fs",
    "log",
    "mathutil",
    "options",
    "path",
    "pid",
    "pluralize",
    "signal",
    "strutil",
    "system",
    "timeutil",
    "usage",
    "version",
  ]
  pruneopts = "UT"
  revision = "acc954bf31a466b19b58f6c3bf16dd721954d117"
  version = "v12.3.0"

[solve-meta]
  analyzer-name = "dep"
  analyzer-version = 1
  input-imports = [
    "github.com/orcaman/concurrent-map",
    "github.com/slack-go/slack",
    "github.com/valyala/fasthttp",
    "pkg.re/essentialkaos/ek.v12/fmtc",
    "pkg.re/essentialkaos/ek.v12/jsonutil",
    "pkg.re/essentialkaos/ek.v12/knf",
    "pkg.re/essentialkaos/ek.v12/knf/validators",
    "pkg.re/essentialkaos/ek.v12/knf/validators/fs",
    "pkg.re/essentialkaos/ek.v12/log",
    "pkg.re/essentialkaos/ek.v12/options",
    "pkg.re/essentialkaos/ek.v12/pid",
    "pkg.re/essentialkaos/ek.v12/pluralize",
    "pkg.re/essentialkaos/ek.v12/signal",
    "pkg.re/essentialkaos/ek.v12/timeutil",
    "pkg.re/essentialkaos/ek.v12/usage",
  ]
  solver-name = "gps-cdcl"
  solver-version = 1
