# This file is autogenerated, do not edit; changes may be undone by the next 'dep ensure'.


[[projects]]
  digest = "1:7b5c6e2eeaa9ae5907c391a91c132abfd5c9e8a784a341b5625e750c67e6825d"
  name = "github.com/gorilla/websocket"
  packages = ["."]
  pruneopts = "UT"
  revision = "66b9c49e59c6c48f0ffce28c2d8b8a5678502c6d"
  version = "v1.4.0"

[[projects]]
  digest = "1:823dc0f8e4cdad8d91e6aba4cdd985a035596a8aa02e9d2abf1bec347894c41f"
  name = "github.com/klauspost/compress"
  packages = [
    "flate",
    "gzip",
    "zlib",
  ]
  pruneopts = "UT"
  revision = "7a873649b01a9669308e8d58b6bcbbccc0b06b5d"
  version = "v1.7.1"

[[projects]]
  digest = "1:923c4d7194b42e054b2eb8a6c62824ac55e23ececc1c7e48d4da69c971c55954"
  name = "github.com/klauspost/cpuid"
  packages = ["."]
  pruneopts = "UT"
  revision = "05a8198c0f5a27739aec358908d7e12c64ce6eb7"
  version = "v1.2.1"

[[projects]]
  digest = "1:7711bc85fa91b919713feda232ffe0bd4ebb0e8426b9c0de6c6f476e0eb9b7c2"
  name = "github.com/nlopes/slack"
  packages = [
    ".",
    "slackutilsx",
  ]
  pruneopts = "UT"
  revision = "a7deeca7935c178aa865249bab511daf816288ba"
  version = "v0.5.0"

[[projects]]
  branch = "master"
  digest = "1:8368165a1d56fb9c296eb90ed90c51cc0ce563d73c911d3a4c7cb2faa5fc544e"
  name = "github.com/orcaman/concurrent-map"
  packages = ["."]
  pruneopts = "UT"
  revision = "2693aad1ed7517c2bb5b3a42cb8fde88b941d89d"

[[projects]]
  digest = "1:cf31692c14422fa27c83a05292eb5cbe0fb2775972e8f1f8446a71549bd8980b"
  name = "github.com/pkg/errors"
  packages = ["."]
  pruneopts = "UT"
  revision = "ba968bfe8b2f7e042a574c888954fccecfa385b4"
  version = "v0.8.1"

[[projects]]
  digest = "1:c468422f334a6b46a19448ad59aaffdfc0a36b08fdcc1c749a0b29b6453d7e59"
  name = "github.com/valyala/bytebufferpool"
  packages = ["."]
  pruneopts = "UT"
  revision = "e746df99fe4a3986f4d4f79e13c1e0117ce9c2f7"
  version = "v1.0.0"

[[projects]]
  branch = "master"
  digest = "1:ae1322db6af7b1244fbd2f6e25c4406bd16ce348f1b909da91b2a0eef9edff65"
  name = "github.com/valyala/fasthttp"
  packages = [
    ".",
    "fasthttputil",
    "stackless",
  ]
  pruneopts = "UT"
  revision = "9ba4cef1bac8ebc8fe71123bd20cfc681fdb78a8"

[[projects]]
  digest = "1:8d5ea157aeea06563afeac477914b1f33278c8535d8676d9fbc1d3514def8958"
  name = "pkg.re/essentialkaos/ek.v10"
  packages = [
    "env",
    "fmtc",
    "fsutil",
    "jsonutil",
    "knf",
    "log",
    "mathutil",
    "options",
    "path",
    "pid",
    "pluralize",
    "signal",
    "strutil",
    "system",
    "timeutil",
    "usage",
    "version",
  ]
  pruneopts = "UT"
  revision = "6d62572a7a43ac5d4ae2c53694869ed5aa5066e7"
  version = "v10.12.0"

[solve-meta]
  analyzer-name = "dep"
  analyzer-version = 1
  input-imports = [
    "github.com/nlopes/slack",
    "github.com/orcaman/concurrent-map",
    "github.com/valyala/fasthttp",
    "pkg.re/essentialkaos/ek.v10/fmtc",
    "pkg.re/essentialkaos/ek.v10/fsutil",
    "pkg.re/essentialkaos/ek.v10/jsonutil",
    "pkg.re/essentialkaos/ek.v10/knf",
    "pkg.re/essentialkaos/ek.v10/log",
    "pkg.re/essentialkaos/ek.v10/options",
    "pkg.re/essentialkaos/ek.v10/pid",
    "pkg.re/essentialkaos/ek.v10/pluralize",
    "pkg.re/essentialkaos/ek.v10/signal",
    "pkg.re/essentialkaos/ek.v10/timeutil",
    "pkg.re/essentialkaos/ek.v10/usage",
  ]
  solver-name = "gps-cdcl"
  solver-version = 1
